
Microsoft Visual Studio Solution File, Format Version 12.00
# Visual Studio 2012
Project("{FAE04EC0-301F-11D3-BF4B-00C04F79EFBC}") = "FC.Core", "FC.Core\FC.Core.csproj", "{9E63B4A8-2C1C-478A-AE49-57DB6E5A13F6}"
EndProject
Project("{FAE04EC0-301F-11D3-BF4B-00C04F79EFBC}") = "FC.Persistence", "FC.Persistence\FC.Persistence.csproj", "{A5FB1758-1F23-4DE5-AB9D-E2209D529B50}"
EndProject
Global
	GlobalSection(SolutionConfigurationPlatforms) = preSolution
		Debug|Any CPU = Debug|Any CPU
		Release|Any CPU = Release|Any CPU
	EndGlobalSection
	GlobalSection(ProjectConfigurationPlatforms) = postSolution
		{9E63B4A8-2C1C-478A-AE49-57DB6E5A13F6}.Debug|Any CPU.ActiveCfg = Debug|Any CPU
		{9E63B4A8-2C1C-478A-AE49-57DB6E5A13F6}.Debug|Any CPU.Build.0 = Debug|Any CPU
		{9E63B4A8-2C1C-478A-AE49-57DB6E5A13F6}.Release|Any CPU.ActiveCfg = Release|Any CPU
		{9E63B4A8-2C1C-478A-AE49-57DB6E5A13F6}.Release|Any CPU.Build.0 = Release|Any CPU
		{A5FB1758-1F23-4DE5-AB9D-E2209D529B50}.Debug|Any CPU.ActiveCfg = Debug|Any CPU
		{A5FB1758-1F23-4DE5-AB9D-E2209D529B50}.Debug|Any CPU.Build.0 = Debug|Any CPU
		{A5FB1758-1F23-4DE5-AB9D-E2209D529B50}.Release|Any CPU.ActiveCfg = Release|Any CPU
		{A5FB1758-1F23-4DE5-AB9D-E2209D529B50}.Release|Any CPU.Build.0 = Release|Any CPU
	EndGlobalSection
	GlobalSection(SolutionProperties) = preSolution
		HideSolutionNode = FALSE
	EndGlobalSection
EndGlobal
